#MicroXplorer Configuration settings - do not modify
Mcu.Family=STM32F1
RCC.PLLSourceVirtual=RCC_PLLSOURCE_HSE
ProjectManager.MainLocation=Core/Src
RCC.MCOFreq_Value=64000000
ProjectManager.ProjectFileName=CAN_Test_Loopback_Silent_F103.ioc
PD1-OSC_OUT.Mode=HSE-External-Oscillator
ProjectManager.KeepUserCode=true
PA10.Mode=Asynchronous
Mcu.UserName=STM32F103C8Tx
Mcu.PinsNb=10
ProjectManager.NoMain=false
CAN.ABOM=ENABLE
USART1.BaudRate=1000000
CAN.CalculateBaudRate=500000
RCC.PLLCLKFreq_Value=64000000
ProjectManager.functionlistsort=1-MX_GPIO_Init-GPIO-false-HAL-true,2-SystemClock_Config-RCC-false-HAL-false,3-MX_USART1_UART_Init-USART1-false-HAL-true,4-MX_CAN_Init-CAN-false-HAL-true
PC13-TAMPER-RTC.Signal=GPIO_Output
PA11.Mode=CAN_Activate
RCC.ADCFreqValue=32000000
ProjectManager.DefaultFWLocation=true
PD0-OSC_IN.Signal=RCC_OSC_IN
ProjectManager.DeletePrevious=true
USART1.IPParameters=VirtualMode,BaudRate
RCC.APB1CLKDivider=RCC_HCLK_DIV2
CAN.CalculateTimeBit=2000.00
PinOutPanel.RotationAngle=0
RCC.FamilyName=M
RCC.SYSCLKSource=RCC_SYSCLKSOURCE_PLLCLK
ProjectManager.StackSize=0x400
PD1-OSC_OUT.Signal=RCC_OSC_OUT
PA13.Signal=SYS_JTMS-SWDIO
Mcu.IP4=USART1
RCC.FCLKCortexFreq_Value=64000000
Mcu.IP2=RCC
NVIC.SVCall_IRQn=true\:0\:0\:false\:false\:true\:false\:false
Mcu.IP3=SYS
Mcu.IP0=CAN
PA9.Mode=Asynchronous
Mcu.IP1=NVIC
PA12.Signal=CAN_TX
CAN.BS2=CAN_BS2_2TQ
CAN.Prescaler=4
CAN.BS1=CAN_BS1_13TQ
Mcu.UserConstants=
ProjectManager.TargetToolchain=STM32CubeIDE
Mcu.ThirdPartyNb=0
RCC.HCLKFreq_Value=64000000
Mcu.IPNb=5
ProjectManager.PreviousToolchain=
RCC.APB2TimFreq_Value=64000000
PA9.Signal=USART1_TX
Mcu.Pin6=PA12
Mcu.Pin7=PA13
ProjectManager.RegisterCallBack=
PC13-TAMPER-RTC.Locked=true
Mcu.Pin8=PA14
RCC.USBFreq_Value=64000000
Mcu.Pin9=VP_SYS_VS_Systick
CAN.Mode=CAN_MODE_SILENT_LOOPBACK
NVIC.CAN1_SCE_IRQn=true\:0\:0\:false\:false\:true\:true\:true
RCC.AHBFreq_Value=64000000
Mcu.Pin0=PC13-TAMPER-RTC
Mcu.Pin1=PD0-OSC_IN
Mcu.Pin2=PD1-OSC_OUT
PD0-OSC_IN.Mode=HSE-External-Oscillator
Mcu.Pin3=PA9
Mcu.Pin4=PA10
Mcu.Pin5=PA11
ProjectManager.ProjectBuild=false
NVIC.UsageFault_IRQn=true\:0\:0\:false\:false\:true\:false\:false
NVIC.DebugMonitor_IRQn=true\:0\:0\:false\:false\:true\:false\:false
board=custom
NVIC.SysTick_IRQn=true\:0\:0\:false\:false\:true\:false\:true
ProjectManager.LastFirmware=true
RCC.PLLMUL=RCC_PLL_MUL8
RCC.VCOOutput2Freq_Value=8000000
ProjectManager.FirmwarePackage=STM32Cube FW_F1 V1.8.3
MxDb.Version=DB.6.0.20
RCC.APB2Freq_Value=64000000
ProjectManager.BackupPrevious=false
MxCube.Version=6.2.0
PA14.Mode=Serial_Wire
NVIC.USB_LP_CAN1_RX0_IRQn=true\:0\:0\:false\:false\:true\:true\:true
CAN.NART=ENABLE
File.Version=6
VP_SYS_VS_Systick.Mode=SysTick
NVIC.NonMaskableInt_IRQn=true\:0\:0\:false\:false\:true\:false\:false
CAN.IPParameters=CalculateTimeQuantum,CalculateTimeBit,CalculateBaudRate,Prescaler,BS1,BS2,ABOM,NART,TXFP,Mode
NVIC.PendSV_IRQn=true\:0\:0\:false\:false\:true\:false\:false
PA13.Mode=Serial_Wire
ProjectManager.FreePins=false
RCC.IPParameters=ADCFreqValue,AHBFreq_Value,APB1CLKDivider,APB1Freq_Value,APB1TimFreq_Value,APB2Freq_Value,APB2TimFreq_Value,FCLKCortexFreq_Value,FamilyName,HCLKFreq_Value,MCOFreq_Value,PLLCLKFreq_Value,PLLMCOFreq_Value,PLLMUL,PLLSourceVirtual,SYSCLKFreq_VALUE,SYSCLKSource,TimSysFreq_Value,USBFreq_Value,VCOOutput2Freq_Value
ProjectManager.AskForMigrate=true
Mcu.Name=STM32F103C(8-B)Tx
CAN.CalculateTimeQuantum=125.0
ProjectManager.HalAssertFull=false
ProjectManager.ProjectName=CAN_Test_Loopback_Silent_F103
ProjectManager.UnderRoot=true
RCC.PLLMCOFreq_Value=32000000
ProjectManager.CoupleFile=false
RCC.SYSCLKFreq_VALUE=64000000
Mcu.Package=LQFP48
RCC.TimSysFreq_Value=64000000
PA12.Mode=CAN_Activate
NVIC.ForceEnableDMAVector=true
KeepUserPlacement=false
NVIC.MemoryManagement_IRQn=true\:0\:0\:false\:false\:true\:false\:false
USART1.VirtualMode=VM_ASYNC
ProjectManager.CompilerOptimize=6
ProjectManager.ToolChainLocation=
VP_SYS_VS_Systick.Signal=SYS_VS_Systick
PA11.Signal=CAN_RX
PA14.Signal=SYS_JTCK-SWCLK
PA10.Signal=USART1_RX
ProjectManager.HeapSize=0x200
NVIC.HardFault_IRQn=true\:0\:0\:false\:false\:true\:false\:false
ProjectManager.ComputerToolchain=false
NVIC.PriorityGroup=NVIC_PRIORITYGROUP_4
CAN.TXFP=ENABLE
RCC.APB1TimFreq_Value=64000000
NVIC.BusFault_IRQn=true\:0\:0\:false\:false\:true\:false\:false
RCC.APB1Freq_Value=32000000
ProjectManager.CustomerFirmwarePackage=
ProjectManager.DeviceId=STM32F103C8Tx
ProjectManager.LibraryCopy=1
isbadioc=false
